
Microsoft Visual Studio Solution File, Format Version 12.00
# Visual Studio Version 16
VisualStudioVersion = 16.0.31624.102
MinimumVisualStudioVersion = 10.0.40219.1
Project("{FAE04EC0-301F-11D3-BF4B-00C04F79EFBC}") = "Lab01", "Lab01\Lab01.csproj", "{EAFD44E2-DCF0-4D9B-B8E8-9792AB5B622F}"
EndProject
Global
	GlobalSection(SolutionConfigurationPlatforms) = preSolution
		Debug|Any CPU = Debug|Any CPU
		Release|Any CPU = Release|Any CPU
	EndGlobalSection
	GlobalSection(ProjectConfigurationPlatforms) = postSolution
		{EAFD44E2-DCF0-4D9B-B8E8-9792AB5B622F}.Debug|Any CPU.ActiveCfg = Debug|Any CPU
		{EAFD44E2-DCF0-4D9B-B8E8-9792AB5B622F}.Debug|Any CPU.Build.0 = Debug|Any CPU
		{EAFD44E2-DCF0-4D9B-B8E8-9792AB5B622F}.Release|Any CPU.ActiveCfg = Release|Any CPU
		{EAFD44E2-DCF0-4D9B-B8E8-9792AB5B622F}.Release|Any CPU.Build.0 = Release|Any CPU
	EndGlobalSection
	GlobalSection(SolutionProperties) = preSolution
		HideSolutionNode = FALSE
	EndGlobalSection
	GlobalSection(ExtensibilityGlobals) = postSolution
		SolutionGuid = {00C90795-B54D-4802-95E8-F66AF8A4FA5D}
	EndGlobalSection
EndGlobal
